Microsoft Visual Studio Solution File, Format Version 12.00
# Visual Studio Version 17
VisualStudioVersion = 17.13.35931.197
MinimumVisualStudioVersion = 10.0.40219.1
Project("{FAE04EC0-301F-11D3-BF4B-00C04F79EFBC}") = "BlazoremonHub", "BlazoremonHub\BlazoremonHub.csproj", "{C7957A00-0125-432D-ACF1-BAC3B3108894}"
EndProject
Global
	GlobalSection(SolutionConfigurationPlatforms) = preSolution
		Debug|Any CPU = Debug|Any CPU
		Release|Any CPU = Release|Any CPU
	EndGlobalSection
	GlobalSection(ProjectConfigurationPlatforms) = postSolution
		{C7957A00-0125-432D-ACF1-BAC3B3108894}.Debug|Any CPU.ActiveCfg = Debug|Any CPU
		{C7957A00-0125-432D-ACF1-BAC3B3108894}.Debug|Any CPU.Build.0 = Debug|Any CPU
		{C7957A00-0125-432D-ACF1-BAC3B3108894}.Release|Any CPU.ActiveCfg = Release|Any CPU
		{C7957A00-0125-432D-ACF1-BAC3B3108894}.Release|Any CPU.Build.0 = Release|Any CPU
	EndGlobalSection
	GlobalSection(SolutionProperties) = preSolution
		HideSolutionNode = FALSE
	EndGlobalSection
	GlobalSection(ExtensibilityGlobals) = postSolution
		SolutionGuid = {CFA0A4AE-25A7-48D6-BAF1-93CB731DFDDF}
	EndGlobalSection
EndGlobal
